
Microsoft Visual Studio Solution File, Format Version 12.00
# Visual Studio Version 17
VisualStudioVersion = 17.1.32210.238
MinimumVisualStudioVersion = 10.0.40219.1
Project("{FAE04EC0-301F-11D3-BF4B-00C04F79EFBC}") = "Foxhunt Rabbit Manager", "Foxhunt Rabbit Manager.csproj", "{C62C9C82-7690-4346-A6C2-D6388B4EB644}"
EndProject
Global
	GlobalSection(SolutionConfigurationPlatforms) = preSolution
		Debug|Any CPU = Debug|Any CPU
		Release|Any CPU = Release|Any CPU
	EndGlobalSection
	GlobalSection(ProjectConfigurationPlatforms) = postSolution
		{C62C9C82-7690-4346-A6C2-D6388B4EB644}.Debug|Any CPU.ActiveCfg = Debug|Any CPU
		{C62C9C82-7690-4346-A6C2-D6388B4EB644}.Debug|Any CPU.Build.0 = Debug|Any CPU
		{C62C9C82-7690-4346-A6C2-D6388B4EB644}.Release|Any CPU.ActiveCfg = Release|Any CPU
		{C62C9C82-7690-4346-A6C2-D6388B4EB644}.Release|Any CPU.Build.0 = Release|Any CPU
	EndGlobalSection
	GlobalSection(SolutionProperties) = preSolution
		HideSolutionNode = FALSE
	EndGlobalSection
	GlobalSection(ExtensibilityGlobals) = postSolution
		SolutionGuid = {66D71659-6DC6-4FE4-93E5-EA5BFD56D682}
	EndGlobalSection
EndGlobal
